
Microsoft Visual Studio Solution File, Format Version 12.00
# Visual Studio Version 17
VisualStudioVersion = 17.8.34322.80
MinimumVisualStudioVersion = 10.0.40219.1
Project("{FAE04EC0-301F-11D3-BF4B-00C04F79EFBC}") = "CalculatorSolution", "CalculatorSolution\CalculatorSolution.csproj", "{444E3876-67F9-403D-B564-A2432CD4A0F2}"
EndProject
Global
	GlobalSection(SolutionConfigurationPlatforms) = preSolution
		Debug|Any CPU = Debug|Any CPU
		Release|Any CPU = Release|Any CPU
	EndGlobalSection
	GlobalSection(ProjectConfigurationPlatforms) = postSolution
		{444E3876-67F9-403D-B564-A2432CD4A0F2}.Debug|Any CPU.ActiveCfg = Debug|Any CPU
		{444E3876-67F9-403D-B564-A2432CD4A0F2}.Debug|Any CPU.Build.0 = Debug|Any CPU
		{444E3876-67F9-403D-B564-A2432CD4A0F2}.Release|Any CPU.ActiveCfg = Release|Any CPU
		{444E3876-67F9-403D-B564-A2432CD4A0F2}.Release|Any CPU.Build.0 = Release|Any CPU
	EndGlobalSection
	GlobalSection(SolutionProperties) = preSolution
		HideSolutionNode = FALSE
	EndGlobalSection
	GlobalSection(ExtensibilityGlobals) = postSolution
		SolutionGuid = {2ED85B92-6797-4F35-B929-65723363689D}
	EndGlobalSection
EndGlobal
