
Microsoft Visual Studio Solution File, Format Version 12.00
# Visual Studio 15
VisualStudioVersion = 15.0.28010.2048
MinimumVisualStudioVersion = 10.0.40219.1
Project("{FAE04EC0-301F-11D3-BF4B-00C04F79EFBC}") = "Template_Memorygame", "Template_Memorygame\Template_Memorygame.csproj", "{DCB7EB74-0AF7-422A-82CC-6DBA97D6B9CA}"
EndProject
Global
	GlobalSection(SolutionConfigurationPlatforms) = preSolution
		Debug|Any CPU = Debug|Any CPU
		Release|Any CPU = Release|Any CPU
	EndGlobalSection
	GlobalSection(ProjectConfigurationPlatforms) = postSolution
		{DCB7EB74-0AF7-422A-82CC-6DBA97D6B9CA}.Debug|Any CPU.ActiveCfg = Debug|Any CPU
		{DCB7EB74-0AF7-422A-82CC-6DBA97D6B9CA}.Debug|Any CPU.Build.0 = Debug|Any CPU
		{DCB7EB74-0AF7-422A-82CC-6DBA97D6B9CA}.Release|Any CPU.ActiveCfg = Release|Any CPU
		{DCB7EB74-0AF7-422A-82CC-6DBA97D6B9CA}.Release|Any CPU.Build.0 = Release|Any CPU
	EndGlobalSection
	GlobalSection(SolutionProperties) = preSolution
		HideSolutionNode = FALSE
	EndGlobalSection
	GlobalSection(ExtensibilityGlobals) = postSolution
		SolutionGuid = {41E70CEE-91ED-4E6B-858F-AA4816B3C3CE}
	EndGlobalSection
EndGlobal
